
Microsoft Visual Studio Solution File, Format Version 12.00
# Visual Studio Version 17
VisualStudioVersion = 17.11.35327.3
MinimumVisualStudioVersion = 10.0.40219.1
Project("{FAE04EC0-301F-11D3-BF4B-00C04F79EFBC}") = "imageEdit", "imageEdit\imageEdit.csproj", "{F7E94C6C-4B5B-4807-AD8A-E8B45B12512F}"
EndProject
Global
	GlobalSection(SolutionConfigurationPlatforms) = preSolution
		Debug|Any CPU = Debug|Any CPU
		Release|Any CPU = Release|Any CPU
	EndGlobalSection
	GlobalSection(ProjectConfigurationPlatforms) = postSolution
		{F7E94C6C-4B5B-4807-AD8A-E8B45B12512F}.Debug|Any CPU.ActiveCfg = Debug|Any CPU
		{F7E94C6C-4B5B-4807-AD8A-E8B45B12512F}.Debug|Any CPU.Build.0 = Debug|Any CPU
		{F7E94C6C-4B5B-4807-AD8A-E8B45B12512F}.Release|Any CPU.ActiveCfg = Release|Any CPU
		{F7E94C6C-4B5B-4807-AD8A-E8B45B12512F}.Release|Any CPU.Build.0 = Release|Any CPU
	EndGlobalSection
	GlobalSection(SolutionProperties) = preSolution
		HideSolutionNode = FALSE
	EndGlobalSection
	GlobalSection(ExtensibilityGlobals) = postSolution
		SolutionGuid = {BCB25A1D-86F4-45AF-93B2-8F678E926AF1}
	EndGlobalSection
EndGlobal
